{
  "name": "js_tutorial",
  "lockfileVersion": 2,
  "requires": true,
  "packages": {
    "": {
      "dependencies": {
        "twisted-palindrome": "^0.1.0"
      }
    },
    "node_modules/twisted-palindrome": {
      "version": "0.1.0",
      "resolved": "https://registry.npmjs.org/twisted-palindrome/-/twisted-palindrome-0.1.0.tgz",
      "integrity": "sha512-DvoChQYYjerKN8YZ67feo1A75TvCqQGBWB9OEhhhT2irkc+QdF26vo8IoVIjK0sXdV+kFa94fqrI1iLKTpqF1w=="
    }
  },
  "dependencies": {
    "twisted-palindrome": {
      "version": "0.1.0",
      "resolved": "https://registry.npmjs.org/twisted-palindrome/-/twisted-palindrome-0.1.0.tgz",
      "integrity": "sha512-DvoChQYYjerKN8YZ67feo1A75TvCqQGBWB9OEhhhT2irkc+QdF26vo8IoVIjK0sXdV+kFa94fqrI1iLKTpqF1w=="
    }
  }
}
